--- yarn.lock.orig	2022-06-16 19:08:59 UTC
+++ yarn.lock
@@ -6220,10 +6220,10 @@ electron-window@^0.8.0:
   dependencies:
     is-electron-renderer "^2.0.0"
 
-electron@18.3.2:
-  version "18.3.2"
-  resolved "https://registry.yarnpkg.com/electron/-/electron-18.3.2.tgz#015a8f4c92c62855d7f33206f2166d3e33b053b7"
-  integrity sha512-Q1ciZ1M90L71WvyLbkD8Iwaq4YCwo8NUpBiLQUsd6M4E7i5vrzsA4g5Ylfzyela8DgRCNVknDVDfj6s+7YVWpA==
+electron@18.3.4:
+  version "18.3.4"
+  resolved "https://registry.yarnpkg.com/electron/-/electron-18.3.4.tgz#efbc0d1c794bccac62e95556d4e355e8a3eca9a4"
+  integrity sha512-MIxQnaQR7NzWZOuAhRbJAf+pPyoXXGNge9E6pz7nGLXE/DxeN6BUbKb0iWVCCMkxIpqdIhXdc5sViUCX74dvsw==
   dependencies:
     "@electron/get" "^1.13.0"
     "@types/node" "^16.11.26"
