--- yarn.lock.orig	2022-03-04 15:34:05 UTC
+++ yarn.lock
@@ -6017,10 +6017,10 @@ electron-window@^0.8.0:
   dependencies:
     is-electron-renderer "^2.0.0"
 
-electron@17.1.1:
-  version "17.1.1"
-  resolved "https://registry.yarnpkg.com/electron/-/electron-17.1.1.tgz#a936907faf68a0a4ae24e8f79c8b22995661c54b"
-  integrity sha512-S+PIsCOfxB+9DkPsbnWpbLQx6+3P5FGedCeVQ/vhZEX8zD4Wj2F118HGFX6ShEfsaTYE623ESK/f+b2ueHpEpQ==
+electron@16.0.8:
+  version "16.0.8"
+  resolved "https://registry.yarnpkg.com/electron/-/electron-16.0.8.tgz#7ebd3e23c4883c239f53d8b7af1100f455ac8a02"
+  integrity sha512-znTVkl8LaGcPNdfc6SRr+6LYg2GtSCKXln/nW/PC+urBfAFnOYIuDock8QyGVFfzr5PuAa+g8YQQAboHV77D7g==
   dependencies:
     "@electron/get" "^1.13.0"
     "@types/node" "^14.6.2"
